# This file was autogenerated by Stack.
# You should not edit this file by hand.
# For more information, please see the documentation at:
#   https://docs.haskellstack.org/en/stable/lock_files

packages: []
snapshots:
- completed:
    size: 521290
    url: https://raw.githubusercontent.com/commercialhaskell/stackage-snapshots/master/nightly/2020/8/20.yaml
    sha256: bd6e924dd6683540b88b47dfaf91ac46e85b48d09be6e10c16d632ec5031fbd8
  original: nightly-2020-08-20
